# THIS IS AN AUTOGENERATED FILE. DO NOT EDIT THIS FILE DIRECTLY.
# yarn lockfile v1


animate.css@~3.5.1:
  version "3.5.2"
  resolved "https://registry.yarnpkg.com/animate.css/-/animate.css-3.5.2.tgz#91e668dc069a808e5e499514867b97aae0166c36"
  integrity sha1-keZo3AaagI5eSZUUhnuXquAWbDY=

autosize@~3.0.15:
  version "3.0.21"
  resolved "https://registry.yarnpkg.com/autosize/-/autosize-3.0.21.tgz#f182f40d17757d978a139a4c9ca40c4c0e448603"
  integrity sha1-8YL0DRd1fZeKE5pMnKQMTA5EhgM=

bootstrap-2.3.2@^1.0.0:
  version "1.0.0"
  resolved "https://registry.yarnpkg.com/bootstrap-2.3.2/-/bootstrap-2.3.2-1.0.0.tgz#e33e834574e7ba80e8ea188f56ce22ec2851cfec"
  integrity sha1-4z6DRXTnuoDo6hiPVs4i7ChRz+w=

bootstrap-hover-dropdown@~2.2.1:
  version "2.2.1"
  resolved "https://registry.yarnpkg.com/bootstrap-hover-dropdown/-/bootstrap-hover-dropdown-2.2.1.tgz#735182a67231b1739512ce62394e481914dd8b1e"
  integrity sha1-c1GCpnIxsXOVEs5iOU5IGRTdix4=
  dependencies:
    streamqueue "^0.1.1"

bootstrap-progressbar@~0.9.0:
  version "0.9.0"
  resolved "https://registry.yarnpkg.com/bootstrap-progressbar/-/bootstrap-progressbar-0.9.0.tgz#cc00fb94797111556dc9af7ea6b5cadbee30cac4"
  integrity sha1-zAD7lHlxEVVtya9+prXK2+4wysQ=

bootstrap@~3.3.6:
  version "3.3.7"
  resolved "https://registry.yarnpkg.com/bootstrap/-/bootstrap-3.3.7.tgz#5a389394549f23330875a3b150656574f8a9eb71"
  integrity sha1-WjiTlFSfIzMIdaOxUGVldPip63E=

bootswatch@^3.3:
  version "3.4.1"
  resolved "https://registry.yarnpkg.com/bootswatch/-/bootswatch-3.4.1.tgz#50aed16fb04ec791c3dd8831515c29d4a757fdb9"
  integrity sha512-0hL4A8OUiqABgPipGrojf/hyhr5RS257xCNARlbK34HaMfhV5fXvwEooN4/ri9+jgX47J4Wg24ZPmfZ2xD2cKw==

chosen-js@~1.5.1:
  version "1.5.1"
  resolved "https://registry.yarnpkg.com/chosen-js/-/chosen-js-1.5.1.tgz#3aa003d2e591d00c37ea6dca5105179458d11bb0"
  integrity sha1-OqAD0uWR0Aw36m3KUQUXlFjRG7A=
  dependencies:
    jquery ">=1.4.4"

core-util-is@~1.0.0:
  version "1.0.2"
  resolved "https://registry.yarnpkg.com/core-util-is/-/core-util-is-1.0.2.tgz#b5fd54220aa2bc5ab57aab7140c940754503c1a7"
  integrity sha1-tf1UIgqivFq1eqtxQMlAdUUDwac=

fastclick@~1.0.6:
  version "1.0.6"
  resolved "https://registry.yarnpkg.com/fastclick/-/fastclick-1.0.6.tgz#161625b27b1a5806405936bda9a2c1926d06be6a"
  integrity sha1-FhYlsnsaWAZAWTa9qaLBkm0Gvmo=

font-awesome@~4.5.0:
  version "4.5.0"
  resolved "https://registry.yarnpkg.com/font-awesome/-/font-awesome-4.5.0.tgz#1e9d7ccf7d63bdbe57000e18d5188cb2557e70f8"
  integrity sha1-Hp18z31jvb5XAA4Y1RiMslV+cPg=

html5shiv@~3.7.3:
  version "3.7.3"
  resolved "https://registry.yarnpkg.com/html5shiv/-/html5shiv-3.7.3.tgz#d78a84a367bcb9a710100d57802c387b084631d2"
  integrity sha1-14qEo2e8uacQEA1XgCw4ewhGMdI=

icheck@~1.0.2:
  version "1.0.2"
  resolved "https://registry.yarnpkg.com/icheck/-/icheck-1.0.2.tgz#06d08da3d47ae448c153b2639b86e9ad7fdf7128"
  integrity sha1-BtCNo9R65EjBU7Jjm4bprX/fcSg=

inherits@~2.0.1:
  version "2.0.3"
  resolved "https://registry.yarnpkg.com/inherits/-/inherits-2.0.3.tgz#633c2c83e3da42a502f52466022480f4208261de"
  integrity sha1-Yzwsg+PaQqUC9SRmAiSA9CCCYd4=

isarray@0.0.1:
  version "0.0.1"
  resolved "https://registry.yarnpkg.com/isarray/-/isarray-0.0.1.tgz#8a18acfca9a8f4177e09abfc6038939b05d1eedf"
  integrity sha1-ihis/Kmo9Bd+Cav8YDiTmwXR7t8=

isstream@~0.1.1:
  version "0.1.2"
  resolved "https://registry.yarnpkg.com/isstream/-/isstream-0.1.2.tgz#47e63f7af55afa6f92e1500e690eb8b8529c099a"
  integrity sha1-R+Y/evVa+m+S4VAOaQ64uFKcCZo=

jquery-colorbox@~1.6.3:
  version "1.6.4"
  resolved "https://registry.yarnpkg.com/jquery-colorbox/-/jquery-colorbox-1.6.4.tgz#799452523a6c494839224ef702e807deb9c06cc5"
  integrity sha1-eZRSUjpsSUg5Ik73AugH3rnAbMU=
  dependencies:
    jquery ">=1.3.2"

jquery-migrate@~1.4.0:
  version "1.4.1"
  resolved "https://registry.yarnpkg.com/jquery-migrate/-/jquery-migrate-1.4.1.tgz#85152f3ec99a95625f4f7d0bcf62e9b8638f5a76"
  integrity sha1-hRUvPsmalWJfT30Lz2LpuGOPWnY=

jquery-slimscroll@~1.3.7:
  version "1.3.8"
  resolved "https://registry.yarnpkg.com/jquery-slimscroll/-/jquery-slimscroll-1.3.8.tgz#8481c44e7a47687653908a28f7f70aed64c84e36"
  integrity sha1-hIHETnpHaHZTkIoo9/cK7WTITjY=
  dependencies:
    jquery ">= 1.7"

jquery.nicescroll@~3.6.8:
  version "3.6.8"
  resolved "https://registry.yarnpkg.com/jquery.nicescroll/-/jquery.nicescroll-3.6.8.tgz#71a48c86657ba240334e792dc38bb0a20d6650f8"
  integrity sha1-caSMhmV7okAzTnktw4uwog1mUPg=
  dependencies:
    jquery ">=1.8.3"

"jquery@>= 1.7", jquery@>=1.3.2, jquery@>=1.4.4, jquery@>=1.6.0, jquery@>=1.8.3:
  version "3.4.1"
  resolved "https://registry.yarnpkg.com/jquery/-/jquery-3.4.1.tgz#714f1f8d9dde4bdfa55764ba37ef214630d80ef2"
  integrity sha512-36+AdBzCL+y6qjw5Tx7HgzeGCzC81MDDgaUP8ld2zhx58HdqXGoBd+tHdrBMiyjGQs0Hxs/MLZTu/eHNJJuWPw==

jquery@~2.2.1:
  version "2.2.4"
  resolved "https://registry.yarnpkg.com/jquery/-/jquery-2.2.4.tgz#2c89d6889b5eac522a7eea32c14521559c6cbf02"
  integrity sha1-LInWiJterFIqfuoywUUhVZxsvwI=

noty@~2.3.8:
  version "2.3.11"
  resolved "https://registry.yarnpkg.com/noty/-/noty-2.3.11.tgz#be0ac8d624de9ba16276dda50a708d893f3d35a8"
  integrity sha1-vgrI1iTem6Fidt2lCnCNiT89Nag=

pace-js@~1.0.2:
  version "1.0.2"
  resolved "https://registry.yarnpkg.com/pace-js/-/pace-js-1.0.2.tgz#673a717f833ccb4f4315531b75ee4788376600f7"
  integrity sha1-Zzpxf4M8y09DFVMbde5HiDdmAPc=

pnotify@~3.0.0:
  version "3.0.1"
  resolved "https://registry.yarnpkg.com/pnotify/-/pnotify-3.0.1.tgz#9f0fa3ff4afbcf4eed0bac4818dace7b717082bc"
  integrity sha1-nw+j/0r7z07tC6xIGNrOe3Fwgrw=
  dependencies:
    jquery ">=1.6.0"

readable-stream@~1.0.33:
  version "1.0.34"
  resolved "https://registry.yarnpkg.com/readable-stream/-/readable-stream-1.0.34.tgz#125820e34bc842d2f2aaafafe4c2916ee32c157c"
  integrity sha1-Elgg40vIQtLyqq+v5MKRbuMsFXw=
  dependencies:
    core-util-is "~1.0.0"
    inherits "~2.0.1"
    isarray "0.0.1"
    string_decoder "~0.10.x"

respond.js@~1.4.2:
  version "1.4.2"
  resolved "https://registry.yarnpkg.com/respond.js/-/respond.js-1.4.2.tgz#fd5c07450acce6090916d8d090b86b672dd9748b"
  integrity sha1-/VwHRQrM5gkJFtjQkLhrZy3ZdIs=

"responsive-tables-js@git://github.com/smasala/responsive-tables-js.git#10c8ea1f59acb8a00dc4af898d0cd54a527eef5d":
  version "1.0.6"
  resolved "git://github.com/smasala/responsive-tables-js.git#10c8ea1f59acb8a00dc4af898d0cd54a527eef5d"

select2@~4.0.2:
  version "4.0.7"
  resolved "https://registry.yarnpkg.com/select2/-/select2-4.0.7.tgz#7b80473ef7900f4dc2b988623275fe569204ae8d"
  integrity sha512-t46Z2nkEEYnBYdRpLNw5dj9qqO+YTiTlWKnpJ/B5e1Q3hPND00JRgcLJxYRzqpeLZd+ZkszkHEMagLKIfbTjVA==

streamqueue@^0.1.1:
  version "0.1.3"
  resolved "https://registry.yarnpkg.com/streamqueue/-/streamqueue-0.1.3.tgz#b10d65158af579ce3a5f48c9276d01db23d4f8b5"
  integrity sha1-sQ1lFYr1ec46X0jJJ20B2yPU+LU=
  dependencies:
    isstream "~0.1.1"
    readable-stream "~1.0.33"

string_decoder@~0.10.x:
  version "0.10.31"
  resolved "https://registry.yarnpkg.com/string_decoder/-/string_decoder-0.10.31.tgz#62e203bc41766c6c28c9fc84301dab1c5310fa94"
  integrity sha1-YuIDvEF2bGwoyfyEMB2rHFMQ+pQ=

tinymce@^4.4:
  version "4.9.4"
  resolved "https://registry.yarnpkg.com/tinymce/-/tinymce-4.9.4.tgz#67c03d0c5a305b32f677e0680ed7909f3cfd457a"
  integrity sha512-pht+jAPbVVEVaxGBAGqTwsVsdkI2+c/opuJ44KuD6pBJApMOQbfpGFt+XdxunyPLcxJsa7i28FIWe37W9zqeRA==
